
Microsoft Visual Studio Solution File, Format Version 12.00
# Visual Studio 15
VisualStudioVersion = 15.0.27428.2037
MinimumVisualStudioVersion = 10.0.40219.1
Project("{FAE04EC0-301F-11D3-BF4B-00C04F79EFBC}") = "tiktok", "tiktok\tiktok.csproj", "{5F523CBE-1927-417E-AFED-E74EB2B1525D}"
EndProject
Global
	GlobalSection(SolutionConfigurationPlatforms) = preSolution
		Debug|Any CPU = Debug|Any CPU
		Release|Any CPU = Release|Any CPU
	EndGlobalSection
	GlobalSection(ProjectConfigurationPlatforms) = postSolution
		{5F523CBE-1927-417E-AFED-E74EB2B1525D}.Debug|Any CPU.ActiveCfg = Debug|Any CPU
		{5F523CBE-1927-417E-AFED-E74EB2B1525D}.Debug|Any CPU.Build.0 = Debug|Any CPU
		{5F523CBE-1927-417E-AFED-E74EB2B1525D}.Release|Any CPU.ActiveCfg = Release|Any CPU
		{5F523CBE-1927-417E-AFED-E74EB2B1525D}.Release|Any CPU.Build.0 = Release|Any CPU
	EndGlobalSection
	GlobalSection(SolutionProperties) = preSolution
		HideSolutionNode = FALSE
	EndGlobalSection
	GlobalSection(ExtensibilityGlobals) = postSolution
		SolutionGuid = {05517069-F303-42F5-BDFC-7F1FC5AC2A83}
	EndGlobalSection
EndGlobal
